<?xml version="1.0" encoding="utf-8"?>
<Project ToolsVersion="4.0" xmlns="http://schemas.microsoft.com/developer/msbuild/2003">
  <ItemGroup>
    <ClCompile Include="bEngine.cpp" />
    <ClCompile Include="bCameraScript.cpp">
      <Filter>Contents\Script</Filter>
    </ClCompile>
    <ClCompile Include="bTitleScene.cpp">
      <Filter>Contents\Scene</Filter>
    </ClCompile>
    <ClCompile Include="bPlayerFrame.cpp">
      <Filter>Contents\UI</Filter>
    </ClCompile>
    <ClCompile Include="bGateWall.cpp">
      <Filter>Contents\Stage1\Background\Objects</Filter>
    </ClCompile>
    <ClCompile Include="bBossScene.cpp">
      <Filter>Contents\Stage1\Scene</Filter>
    </ClCompile>
    <ClCompile Include="bLobbyScene.cpp">
      <Filter>Contents\Stage1\Scene</Filter>
    </ClCompile>
    <ClCompile Include="bForestBG.cpp">
      <Filter>Contents\Stage1\Background</Filter>
    </ClCompile>
    <ClCompile Include="bDoor.cpp">
      <Filter>Contents\Stage1\Background\Objects</Filter>
    </ClCompile>
  </ItemGroup>
  <ItemGroup>
    <ClInclude Include="framework.h" />
    <ClInclude Include="bCameraScript.h">
      <Filter>Contents\Script</Filter>
    </ClInclude>
    <ClInclude Include="bTitleScene.h">
      <Filter>Contents\Scene</Filter>
    </ClInclude>
    <ClInclude Include="LoadScenes.h">
      <Filter>Contents\Load</Filter>
    </ClInclude>
    <ClInclude Include="bPlayerFrame.h">
      <Filter>Contents\UI</Filter>
    </ClInclude>
    <ClInclude Include="bGateWall.h">
      <Filter>Contents\Stage1\Background\Objects</Filter>
    </ClInclude>
    <ClInclude Include="bLobbyScene.h">
      <Filter>Contents\Stage1\Scene</Filter>
    </ClInclude>
    <ClInclude Include="bBossScene.h">
      <Filter>Contents\Stage1\Scene</Filter>
    </ClInclude>
    <ClInclude Include="bForestBG.h">
      <Filter>Contents\Stage1\Background</Filter>
    </ClInclude>
    <ClInclude Include="bDoor.h">
      <Filter>Contents\Stage1\Background\Objects</Filter>
    </ClInclude>
  </ItemGroup>
  <ItemGroup>
    <Filter Include="Contents">
      <UniqueIdentifier>{7163a6f3-b09b-49ce-b793-9d8d477d1bc0}</UniqueIdentifier>
    </Filter>
    <Filter Include="Contents\Load">
      <UniqueIdentifier>{9fbe94d2-520e-40a9-8732-6bf68eacc29b}</UniqueIdentifier>
    </Filter>
    <Filter Include="Contents\Scene">
      <UniqueIdentifier>{b620c0e5-83ad-462a-8e28-50347bda323f}</UniqueIdentifier>
    </Filter>
    <Filter Include="Contents\Script">
      <UniqueIdentifier>{0abbb91a-b425-4466-960d-7b97ce56a42c}</UniqueIdentifier>
    </Filter>
    <Filter Include="Contents\UI">
      <UniqueIdentifier>{b187dac5-ff09-45b5-9b58-ab5cba799733}</UniqueIdentifier>
    </Filter>
    <Filter Include="Contents\Stage1">
      <UniqueIdentifier>{78382636-4af2-4b11-9e58-1a2ec5181cfb}</UniqueIdentifier>
    </Filter>
    <Filter Include="Contents\Stage1\Scene">
      <UniqueIdentifier>{dc70905e-dae5-4d02-9870-de23a2132070}</UniqueIdentifier>
    </Filter>
    <Filter Include="Contents\Stage1\Background">
      <UniqueIdentifier>{1e6d20de-93f6-4fee-a562-d542c6c15476}</UniqueIdentifier>
    </Filter>
    <Filter Include="Contents\Stage1\Background\Objects">
      <UniqueIdentifier>{d4d1cd22-fa17-4e37-827f-0e077778f6a1}</UniqueIdentifier>
    </Filter>
  </ItemGroup>
</Project>